
Microsoft Visual Studio Solution File, Format Version 12.00
# Visual Studio Version 17
VisualStudioVersion = 17.4.33213.308
MinimumVisualStudioVersion = 10.0.40219.1
Project("{9A19103F-16F7-4668-BE54-9A1E7A4F7556}") = "ShoutOut.Model", "ShoutOut.Model\ShoutOut.Model.csproj", "{D75A69A0-07B9-4DC3-B89C-19A952C0A632}"
EndProject
Project("{9A19103F-16F7-4668-BE54-9A1E7A4F7556}") = "ShoutOut.API", "ShoutOut.API\ShoutOut.API.csproj", "{2B4EF817-5C60-4533-9036-7B999E428F21}"
EndProject
Project("{9A19103F-16F7-4668-BE54-9A1E7A4F7556}") = "ShoutOut.Worker", "ShoutOut.Worker\ShoutOut.Worker.csproj", "{86AF1DFE-54FF-4262-9E5A-E75D2B90FDCD}"
EndProject
Global
	GlobalSection(SolutionConfigurationPlatforms) = preSolution
		Debug|Any CPU = Debug|Any CPU
		Release|Any CPU = Release|Any CPU
	EndGlobalSection
	GlobalSection(ProjectConfigurationPlatforms) = postSolution
		{D75A69A0-07B9-4DC3-B89C-19A952C0A632}.Debug|Any CPU.ActiveCfg = Debug|Any CPU
		{D75A69A0-07B9-4DC3-B89C-19A952C0A632}.Debug|Any CPU.Build.0 = Debug|Any CPU
		{D75A69A0-07B9-4DC3-B89C-19A952C0A632}.Release|Any CPU.ActiveCfg = Release|Any CPU
		{D75A69A0-07B9-4DC3-B89C-19A952C0A632}.Release|Any CPU.Build.0 = Release|Any CPU
		{2B4EF817-5C60-4533-9036-7B999E428F21}.Debug|Any CPU.ActiveCfg = Debug|Any CPU
		{2B4EF817-5C60-4533-9036-7B999E428F21}.Debug|Any CPU.Build.0 = Debug|Any CPU
		{2B4EF817-5C60-4533-9036-7B999E428F21}.Release|Any CPU.ActiveCfg = Release|Any CPU
		{2B4EF817-5C60-4533-9036-7B999E428F21}.Release|Any CPU.Build.0 = Release|Any CPU
		{86AF1DFE-54FF-4262-9E5A-E75D2B90FDCD}.Debug|Any CPU.ActiveCfg = Debug|Any CPU
		{86AF1DFE-54FF-4262-9E5A-E75D2B90FDCD}.Debug|Any CPU.Build.0 = Debug|Any CPU
		{86AF1DFE-54FF-4262-9E5A-E75D2B90FDCD}.Release|Any CPU.ActiveCfg = Release|Any CPU
		{86AF1DFE-54FF-4262-9E5A-E75D2B90FDCD}.Release|Any CPU.Build.0 = Release|Any CPU
	EndGlobalSection
	GlobalSection(SolutionProperties) = preSolution
		HideSolutionNode = FALSE
	EndGlobalSection
	GlobalSection(ExtensibilityGlobals) = postSolution
		SolutionGuid = {49CB4A7C-FDDC-4611-BC02-0B4720773414}
	EndGlobalSection
EndGlobal
