
Microsoft Visual Studio Solution File, Format Version 12.00
# Visual Studio Version 17
VisualStudioVersion = 17.4.33213.308
MinimumVisualStudioVersion = 10.0.40219.1
Project("{9A19103F-16F7-4668-BE54-9A1E7A4F7556}") = "shout-out-api", "shout-out-api\shout-out-api.csproj", "{29641160-EFDB-4E41-AE6C-EB716F4F7097}"
EndProject
Project("{FAE04EC0-301F-11D3-BF4B-00C04F79EFBC}") = "Worker", "Worker\Worker.csproj", "{75AB628A-D138-4A93-B1D4-B2BD8D2F0172}"
EndProject
Global
	GlobalSection(SolutionConfigurationPlatforms) = preSolution
		Debug|Any CPU = Debug|Any CPU
		Release|Any CPU = Release|Any CPU
	EndGlobalSection
	GlobalSection(ProjectConfigurationPlatforms) = postSolution
		{29641160-EFDB-4E41-AE6C-EB716F4F7097}.Debug|Any CPU.ActiveCfg = Debug|Any CPU
		{29641160-EFDB-4E41-AE6C-EB716F4F7097}.Debug|Any CPU.Build.0 = Debug|Any CPU
		{29641160-EFDB-4E41-AE6C-EB716F4F7097}.Release|Any CPU.ActiveCfg = Release|Any CPU
		{29641160-EFDB-4E41-AE6C-EB716F4F7097}.Release|Any CPU.Build.0 = Release|Any CPU
		{75AB628A-D138-4A93-B1D4-B2BD8D2F0172}.Debug|Any CPU.ActiveCfg = Debug|Any CPU
		{75AB628A-D138-4A93-B1D4-B2BD8D2F0172}.Debug|Any CPU.Build.0 = Debug|Any CPU
		{75AB628A-D138-4A93-B1D4-B2BD8D2F0172}.Release|Any CPU.ActiveCfg = Release|Any CPU
		{75AB628A-D138-4A93-B1D4-B2BD8D2F0172}.Release|Any CPU.Build.0 = Release|Any CPU
	EndGlobalSection
	GlobalSection(SolutionProperties) = preSolution
		HideSolutionNode = FALSE
	EndGlobalSection
	GlobalSection(ExtensibilityGlobals) = postSolution
		SolutionGuid = {49CB4A7C-FDDC-4611-BC02-0B4720773414}
	EndGlobalSection
EndGlobal
